
Microsoft Visual Studio Solution File, Format Version 12.00
# Visual Studio Version 16
VisualStudioVersion = 16.0.31515.178
MinimumVisualStudioVersion = 10.0.40219.1
Project("{9A19103F-16F7-4668-BE54-9A1E7A4F7556}") = "Consulting.Api", "ConsultingDoc\Consulting.Api.csproj", "{ADF3357D-E60C-4BE3-986A-77ED490A3101}"
EndProject
Project("{FAE04EC0-301F-11D3-BF4B-00C04F79EFBC}") = "Consulting.Domain", "Consulting.Domain\Consulting.Domain.csproj", "{316E2A6C-64C8-449E-B147-015CF5B8E817}"
EndProject
Project("{FAE04EC0-301F-11D3-BF4B-00C04F79EFBC}") = "Consulting.Infraestructure", "Consulting.Infraestructure\Consulting.Infraestructure.csproj", "{B03350D4-FAA1-4092-AA11-49E4A5B9C0BF}"
EndProject
Project("{FAE04EC0-301F-11D3-BF4B-00C04F79EFBC}") = "Consulting.Persistence", "Consulting.Persistence\Consulting.Persistence.csproj", "{6FE036EB-363C-4560-A4C8-15019E38B1EF}"
EndProject
Project("{FAE04EC0-301F-11D3-BF4B-00C04F79EFBC}") = "Consulting.Service", "Consulting.Service\Consulting.Service.csproj", "{8473E115-6775-4E15-B05D-3E410227AA9B}"
EndProject
Global
	GlobalSection(SolutionConfigurationPlatforms) = preSolution
		Debug|Any CPU = Debug|Any CPU
		Release|Any CPU = Release|Any CPU
	EndGlobalSection
	GlobalSection(ProjectConfigurationPlatforms) = postSolution
		{ADF3357D-E60C-4BE3-986A-77ED490A3101}.Debug|Any CPU.ActiveCfg = Debug|Any CPU
		{ADF3357D-E60C-4BE3-986A-77ED490A3101}.Debug|Any CPU.Build.0 = Debug|Any CPU
		{ADF3357D-E60C-4BE3-986A-77ED490A3101}.Release|Any CPU.ActiveCfg = Release|Any CPU
		{ADF3357D-E60C-4BE3-986A-77ED490A3101}.Release|Any CPU.Build.0 = Release|Any CPU
		{316E2A6C-64C8-449E-B147-015CF5B8E817}.Debug|Any CPU.ActiveCfg = Debug|Any CPU
		{316E2A6C-64C8-449E-B147-015CF5B8E817}.Debug|Any CPU.Build.0 = Debug|Any CPU
		{316E2A6C-64C8-449E-B147-015CF5B8E817}.Release|Any CPU.ActiveCfg = Release|Any CPU
		{316E2A6C-64C8-449E-B147-015CF5B8E817}.Release|Any CPU.Build.0 = Release|Any CPU
		{B03350D4-FAA1-4092-AA11-49E4A5B9C0BF}.Debug|Any CPU.ActiveCfg = Debug|Any CPU
		{B03350D4-FAA1-4092-AA11-49E4A5B9C0BF}.Debug|Any CPU.Build.0 = Debug|Any CPU
		{B03350D4-FAA1-4092-AA11-49E4A5B9C0BF}.Release|Any CPU.ActiveCfg = Release|Any CPU
		{B03350D4-FAA1-4092-AA11-49E4A5B9C0BF}.Release|Any CPU.Build.0 = Release|Any CPU
		{6FE036EB-363C-4560-A4C8-15019E38B1EF}.Debug|Any CPU.ActiveCfg = Debug|Any CPU
		{6FE036EB-363C-4560-A4C8-15019E38B1EF}.Debug|Any CPU.Build.0 = Debug|Any CPU
		{6FE036EB-363C-4560-A4C8-15019E38B1EF}.Release|Any CPU.ActiveCfg = Release|Any CPU
		{6FE036EB-363C-4560-A4C8-15019E38B1EF}.Release|Any CPU.Build.0 = Release|Any CPU
		{8473E115-6775-4E15-B05D-3E410227AA9B}.Debug|Any CPU.ActiveCfg = Debug|Any CPU
		{8473E115-6775-4E15-B05D-3E410227AA9B}.Debug|Any CPU.Build.0 = Debug|Any CPU
		{8473E115-6775-4E15-B05D-3E410227AA9B}.Release|Any CPU.ActiveCfg = Release|Any CPU
		{8473E115-6775-4E15-B05D-3E410227AA9B}.Release|Any CPU.Build.0 = Release|Any CPU
	EndGlobalSection
	GlobalSection(SolutionProperties) = preSolution
		HideSolutionNode = FALSE
	EndGlobalSection
	GlobalSection(ExtensibilityGlobals) = postSolution
		SolutionGuid = {2A53708E-88C2-49ED-ABD8-DC18031B6D43}
	EndGlobalSection
EndGlobal
